
Microsoft Visual Studio Solution File, Format Version 12.00
# Visual Studio Version 17
VisualStudioVersion = 17.0.32112.339
MinimumVisualStudioVersion = 10.0.40219.1
Project("{9A19103F-16F7-4668-BE54-9A1E7A4F7556}") = "BethanysPieShop", "BethanysPieShop\BethanysPieShop.csproj", "{3AE12357-94BE-401D-B632-42C22E9F910E}"
EndProject
Project("{FAE04EC0-301F-11D3-BF4B-00C04F79EFBC}") = "BethanysPieShop.Domain", "BethanysPieShop.Domain\BethanysPieShop.Domain.csproj", "{BAB35E5A-1254-4005-B61E-75B6229ED86A}"
EndProject
Project("{FAE04EC0-301F-11D3-BF4B-00C04F79EFBC}") = "BethanysPieShop.Data", "BethanysPieShop.Data\BethanysPieShop.Data.csproj", "{B647BC4F-EC54-4536-94BC-EB8881F6C565}"
EndProject
Global
	GlobalSection(SolutionConfigurationPlatforms) = preSolution
		Debug|Any CPU = Debug|Any CPU
		Release|Any CPU = Release|Any CPU
	EndGlobalSection
	GlobalSection(ProjectConfigurationPlatforms) = postSolution
		{3AE12357-94BE-401D-B632-42C22E9F910E}.Debug|Any CPU.ActiveCfg = Debug|Any CPU
		{3AE12357-94BE-401D-B632-42C22E9F910E}.Debug|Any CPU.Build.0 = Debug|Any CPU
		{3AE12357-94BE-401D-B632-42C22E9F910E}.Release|Any CPU.ActiveCfg = Release|Any CPU
		{3AE12357-94BE-401D-B632-42C22E9F910E}.Release|Any CPU.Build.0 = Release|Any CPU
		{BAB35E5A-1254-4005-B61E-75B6229ED86A}.Debug|Any CPU.ActiveCfg = Debug|Any CPU
		{BAB35E5A-1254-4005-B61E-75B6229ED86A}.Debug|Any CPU.Build.0 = Debug|Any CPU
		{BAB35E5A-1254-4005-B61E-75B6229ED86A}.Release|Any CPU.ActiveCfg = Release|Any CPU
		{BAB35E5A-1254-4005-B61E-75B6229ED86A}.Release|Any CPU.Build.0 = Release|Any CPU
		{B647BC4F-EC54-4536-94BC-EB8881F6C565}.Debug|Any CPU.ActiveCfg = Debug|Any CPU
		{B647BC4F-EC54-4536-94BC-EB8881F6C565}.Debug|Any CPU.Build.0 = Debug|Any CPU
		{B647BC4F-EC54-4536-94BC-EB8881F6C565}.Release|Any CPU.ActiveCfg = Release|Any CPU
		{B647BC4F-EC54-4536-94BC-EB8881F6C565}.Release|Any CPU.Build.0 = Release|Any CPU
	EndGlobalSection
	GlobalSection(SolutionProperties) = preSolution
		HideSolutionNode = FALSE
	EndGlobalSection
	GlobalSection(ExtensibilityGlobals) = postSolution
		SolutionGuid = {D9DDA8E5-C642-4B2A-8974-6D3E07D6C11E}
	EndGlobalSection
EndGlobal
